dependencies:
- name: postgresql
  repository: https://charts.bitnami.com/bitnami
  version: 11.6.7
- name: redis
<<<<<<< HEAD
  repository: https://raw.githubusercontent.com/bitnami/charts/pre-2022/bitnami
  version: 14.7.2
digest: sha256:c144d47d945cba6e4ab54290c7db1ccf4ec6eb0b75a0e0cda89ec3c11d57af7b
generated: "2022-08-09T23:01:04.493373+02:00"
=======
  repository: https://charts.bitnami.com/bitnami
  version: 16.12.2
digest: sha256:37ffe21ee209b759ea2f2cbac615ba3e2f869e8333e6338d911a57078f0307f9
generated: "2022-06-22T17:43:32.391389+05:30"
>>>>>>> 2c3fdf91c9ca6e5668a63aa2e7fb41a418b502f3
